
Microsoft Visual Studio Solution File, Format Version 12.00
# Visual Studio 15
Project("{FAE04EC0-301F-11D3-BF4B-00C04F79EFBC}") = "Raydreams.Common.Services", "Raydreams.Common.Services\Raydreams.Common.Services.csproj", "{B33AF0E6-1A46-44D8-AA28-1EC74E68CBDE}"
EndProject
Project("{FAE04EC0-301F-11D3-BF4B-00C04F79EFBC}") = "Raydreams.Common", "Raydreams.Common\Raydreams.Common.csproj", "{858E1B6D-2115-417D-BA55-FF2FB30C4F61}"
EndProject
Project("{FAE04EC0-301F-11D3-BF4B-00C04F79EFBC}") = "Raydreams.Common.Services.Tests", "Raydreams.Common.Services.Tests\Raydreams.Common.Services.Tests.csproj", "{B8FDF73B-86F0-4A96-BF1C-F880B51C159D}"
EndProject
Global
	GlobalSection(SolutionConfigurationPlatforms) = preSolution
		Debug|Any CPU = Debug|Any CPU
		Release|Any CPU = Release|Any CPU
	EndGlobalSection
	GlobalSection(ProjectConfigurationPlatforms) = postSolution
		{B33AF0E6-1A46-44D8-AA28-1EC74E68CBDE}.Debug|Any CPU.ActiveCfg = Debug|Any CPU
		{B33AF0E6-1A46-44D8-AA28-1EC74E68CBDE}.Debug|Any CPU.Build.0 = Debug|Any CPU
		{B33AF0E6-1A46-44D8-AA28-1EC74E68CBDE}.Release|Any CPU.ActiveCfg = Release|Any CPU
		{B33AF0E6-1A46-44D8-AA28-1EC74E68CBDE}.Release|Any CPU.Build.0 = Release|Any CPU
		{858E1B6D-2115-417D-BA55-FF2FB30C4F61}.Debug|Any CPU.ActiveCfg = Debug|Any CPU
		{858E1B6D-2115-417D-BA55-FF2FB30C4F61}.Debug|Any CPU.Build.0 = Debug|Any CPU
		{858E1B6D-2115-417D-BA55-FF2FB30C4F61}.Release|Any CPU.ActiveCfg = Release|Any CPU
		{858E1B6D-2115-417D-BA55-FF2FB30C4F61}.Release|Any CPU.Build.0 = Release|Any CPU
		{B8FDF73B-86F0-4A96-BF1C-F880B51C159D}.Debug|Any CPU.ActiveCfg = Debug|Any CPU
		{B8FDF73B-86F0-4A96-BF1C-F880B51C159D}.Debug|Any CPU.Build.0 = Debug|Any CPU
		{B8FDF73B-86F0-4A96-BF1C-F880B51C159D}.Release|Any CPU.ActiveCfg = Release|Any CPU
		{B8FDF73B-86F0-4A96-BF1C-F880B51C159D}.Release|Any CPU.Build.0 = Release|Any CPU
	EndGlobalSection
EndGlobal
