
Microsoft Visual Studio Solution File, Format Version 12.00
# Visual Studio Version 16
VisualStudioVersion = 16.0.808.0
MinimumVisualStudioVersion = 10.0.40219.1
Project("{FAE04EC0-301F-11D3-BF4B-00C04F79EFBC}") = "Raydreams.Common.Exe", "Raydreams.Common.Exe\Raydreams.Common.Exe.csproj", "{2B7A5EAC-5E3A-4058-AD61-514D984AA88B}"
EndProject
Project("{FAE04EC0-301F-11D3-BF4B-00C04F79EFBC}") = "Raydreams.Common", "Raydreams.Common\Raydreams.Common.csproj", "{2151676D-E65D-471D-91BA-621602A71F3F}"
EndProject
Project("{FAE04EC0-301F-11D3-BF4B-00C04F79EFBC}") = "Raydreams.Common.Services", "Raydreams.Common.Services\Raydreams.Common.Services.csproj", "{1A34969F-A125-4D59-9A3C-F054D9D1BA0E}"
EndProject
Global
	GlobalSection(SolutionConfigurationPlatforms) = preSolution
		Debug|Any CPU = Debug|Any CPU
		Release|Any CPU = Release|Any CPU
	EndGlobalSection
	GlobalSection(ProjectConfigurationPlatforms) = postSolution
		{2B7A5EAC-5E3A-4058-AD61-514D984AA88B}.Debug|Any CPU.ActiveCfg = Debug|Any CPU
		{2B7A5EAC-5E3A-4058-AD61-514D984AA88B}.Debug|Any CPU.Build.0 = Debug|Any CPU
		{2B7A5EAC-5E3A-4058-AD61-514D984AA88B}.Release|Any CPU.ActiveCfg = Release|Any CPU
		{2B7A5EAC-5E3A-4058-AD61-514D984AA88B}.Release|Any CPU.Build.0 = Release|Any CPU
		{2151676D-E65D-471D-91BA-621602A71F3F}.Debug|Any CPU.ActiveCfg = Debug|Any CPU
		{2151676D-E65D-471D-91BA-621602A71F3F}.Debug|Any CPU.Build.0 = Debug|Any CPU
		{2151676D-E65D-471D-91BA-621602A71F3F}.Release|Any CPU.ActiveCfg = Release|Any CPU
		{2151676D-E65D-471D-91BA-621602A71F3F}.Release|Any CPU.Build.0 = Release|Any CPU
		{1A34969F-A125-4D59-9A3C-F054D9D1BA0E}.Debug|Any CPU.ActiveCfg = Debug|Any CPU
		{1A34969F-A125-4D59-9A3C-F054D9D1BA0E}.Debug|Any CPU.Build.0 = Debug|Any CPU
		{1A34969F-A125-4D59-9A3C-F054D9D1BA0E}.Release|Any CPU.ActiveCfg = Release|Any CPU
		{1A34969F-A125-4D59-9A3C-F054D9D1BA0E}.Release|Any CPU.Build.0 = Release|Any CPU
	EndGlobalSection
	GlobalSection(SolutionProperties) = preSolution
		HideSolutionNode = FALSE
	EndGlobalSection
	GlobalSection(ExtensibilityGlobals) = postSolution
		SolutionGuid = {111A668B-820F-4C8B-9A23-E62B2AB0486C}
	EndGlobalSection
EndGlobal
